
Microsoft Visual Studio Solution File, Format Version 12.00
# Visual Studio Version 16
VisualStudioVersion = 16.0.33529.622
MinimumVisualStudioVersion = 10.0.40219.1
Project("{FAE04EC0-301F-11D3-BF4B-00C04F79EFBC}") = "SHOP_SYSTEM", "SHOP_SYSTEM\SHOP_SYSTEM.csproj", "{E0B1568A-F9D1-4A22-BA0C-312D45A32A74}"
EndProject
Global
	GlobalSection(SolutionConfigurationPlatforms) = preSolution
		Debug|Any CPU = Debug|Any CPU
		Release|Any CPU = Release|Any CPU
	EndGlobalSection
	GlobalSection(ProjectConfigurationPlatforms) = postSolution
		{E0B1568A-F9D1-4A22-BA0C-312D45A32A74}.Debug|Any CPU.ActiveCfg = Debug|Any CPU
		{E0B1568A-F9D1-4A22-BA0C-312D45A32A74}.Debug|Any CPU.Build.0 = Debug|Any CPU
		{E0B1568A-F9D1-4A22-BA0C-312D45A32A74}.Release|Any CPU.ActiveCfg = Release|Any CPU
		{E0B1568A-F9D1-4A22-BA0C-312D45A32A74}.Release|Any CPU.Build.0 = Release|Any CPU
	EndGlobalSection
	GlobalSection(SolutionProperties) = preSolution
		HideSolutionNode = FALSE
	EndGlobalSection
	GlobalSection(ExtensibilityGlobals) = postSolution
		SolutionGuid = {464DB288-260F-4B26-ABBD-85F9A37201FF}
	EndGlobalSection
EndGlobal
